
Microsoft Visual Studio Solution File, Format Version 12.00
# Visual Studio Version 17
VisualStudioVersion = 17.8.34330.188
MinimumVisualStudioVersion = 10.0.40219.1
Project("{FAE04EC0-301F-11D3-BF4B-00C04F79EFBC}") = "UDP-MQTT_Gateway", "UDP-MQTT_Gateway.csproj", "{3D8D3D48-4FC2-4A4D-A922-BE04580EA0C6}"
EndProject
Global
	GlobalSection(SolutionConfigurationPlatforms) = preSolution
		Debug|Any CPU = Debug|Any CPU
		Release|Any CPU = Release|Any CPU
	EndGlobalSection
	GlobalSection(ProjectConfigurationPlatforms) = postSolution
		{3D8D3D48-4FC2-4A4D-A922-BE04580EA0C6}.Debug|Any CPU.ActiveCfg = Debug|Any CPU
		{3D8D3D48-4FC2-4A4D-A922-BE04580EA0C6}.Debug|Any CPU.Build.0 = Debug|Any CPU
		{3D8D3D48-4FC2-4A4D-A922-BE04580EA0C6}.Release|Any CPU.ActiveCfg = Release|Any CPU
		{3D8D3D48-4FC2-4A4D-A922-BE04580EA0C6}.Release|Any CPU.Build.0 = Release|Any CPU
	EndGlobalSection
	GlobalSection(SolutionProperties) = preSolution
		HideSolutionNode = FALSE
	EndGlobalSection
	GlobalSection(ExtensibilityGlobals) = postSolution
		SolutionGuid = {26894256-72A3-423C-9623-93EF9C133246}
	EndGlobalSection
EndGlobal
